Microsoft Visual Studio Solution File, Format Version 12.00
# Visual Studio Version 17
VisualStudioVersion = 17.7.34302.85
MinimumVisualStudioVersion = 10.0.40219.1
Project("{9A19103F-16F7-4668-BE54-9A1E7A4F7556}") = "ChallengeApi", "Challenge.Api\ChallengeApi.csproj", "{0C9A003A-E990-4C49-B4DF-B2E20E99CBEA}"
EndProject
Global
	GlobalSection(SolutionConfigurationPlatforms) = preSolution
		Debug|Any CPU = Debug|Any CPU
		Release|Any CPU = Release|Any CPU
	EndGlobalSection
	GlobalSection(ProjectConfigurationPlatforms) = postSolution
		{0C9A003A-E990-4C49-B4DF-B2E20E99CBEA}.Debug|Any CPU.ActiveCfg = Debug|Any CPU
		{0C9A003A-E990-4C49-B4DF-B2E20E99CBEA}.Debug|Any CPU.Build.0 = Debug|Any CPU
		{0C9A003A-E990-4C49-B4DF-B2E20E99CBEA}.Release|Any CPU.ActiveCfg = Release|Any CPU
		{0C9A003A-E990-4C49-B4DF-B2E20E99CBEA}.Release|Any CPU.Build.0 = Release|Any CPU
	EndGlobalSection
	GlobalSection(SolutionProperties) = preSolution
		HideSolutionNode = FALSE
	EndGlobalSection
	GlobalSection(ExtensibilityGlobals) = postSolution
		SolutionGuid = {159F1D38-1CA4-400B-A8A8-811ED2C53FF6}
	EndGlobalSection
EndGlobal
